
Microsoft Visual Studio Solution File, Format Version 12.00
# Visual Studio Version 16
VisualStudioVersion = 16.0.31624.102
MinimumVisualStudioVersion = 10.0.40219.1
Project("{888888A0-9F3D-457C-B088-3A5042F75D52}") = "2018136104 이현준 과제3", "2018136104 이현준 과제3\2018136104 이현준 과제3.pyproj", "{869C8F0F-7B17-44F7-93F4-72987E47EC04}"
EndProject
Global
	GlobalSection(SolutionConfigurationPlatforms) = preSolution
		Debug|Any CPU = Debug|Any CPU
		Release|Any CPU = Release|Any CPU
	EndGlobalSection
	GlobalSection(ProjectConfigurationPlatforms) = postSolution
		{869C8F0F-7B17-44F7-93F4-72987E47EC04}.Debug|Any CPU.ActiveCfg = Debug|Any CPU
		{869C8F0F-7B17-44F7-93F4-72987E47EC04}.Release|Any CPU.ActiveCfg = Release|Any CPU
	EndGlobalSection
	GlobalSection(SolutionProperties) = preSolution
		HideSolutionNode = FALSE
	EndGlobalSection
	GlobalSection(ExtensibilityGlobals) = postSolution
		SolutionGuid = {7A108166-3ED7-47BF-B7FE-831006D05D68}
	EndGlobalSection
EndGlobal
